{
  "requires": true,
  "lockfileVersion": 1,
  "dependencies": {
    "ngx-modialog": {
      "version": "5.0.0",
      "resolved": "https://registry.npmjs.org/ngx-modialog/-/ngx-modialog-5.0.0.tgz",
      "integrity": "sha512-EYqlwoHHMzKBhQegIVIAKGqAk23riah485tEFFdiPHeNbtgBfpSUJ8L7fW3YtHQGuV2tUc+mU8Ty728VwPP1mQ=="
    }
  }
}
